
Microsoft Visual Studio Solution File, Format Version 12.00
# Visual Studio Version 17
VisualStudioVersion = 17.1.32319.34
MinimumVisualStudioVersion = 10.0.40219.1
Project("{FAE04EC0-301F-11D3-BF4B-00C04F79EFBC}") = "Producer", "Producer\Producer.csproj", "{7387E9BD-7E72-4456-92DD-A92251178EEA}"
EndProject
Project("{FAE04EC0-301F-11D3-BF4B-00C04F79EFBC}") = "Consumer", "Consumer\Consumer.csproj", "{F45E8EAB-BB56-4D74-80E2-43605949CCD4}"
EndProject
Global
	GlobalSection(SolutionConfigurationPlatforms) = preSolution
		Debug|Any CPU = Debug|Any CPU
		Release|Any CPU = Release|Any CPU
	EndGlobalSection
	GlobalSection(ProjectConfigurationPlatforms) = postSolution
		{7387E9BD-7E72-4456-92DD-A92251178EEA}.Debug|Any CPU.ActiveCfg = Debug|Any CPU
		{7387E9BD-7E72-4456-92DD-A92251178EEA}.Debug|Any CPU.Build.0 = Debug|Any CPU
		{7387E9BD-7E72-4456-92DD-A92251178EEA}.Release|Any CPU.ActiveCfg = Release|Any CPU
		{7387E9BD-7E72-4456-92DD-A92251178EEA}.Release|Any CPU.Build.0 = Release|Any CPU
		{F45E8EAB-BB56-4D74-80E2-43605949CCD4}.Debug|Any CPU.ActiveCfg = Debug|Any CPU
		{F45E8EAB-BB56-4D74-80E2-43605949CCD4}.Debug|Any CPU.Build.0 = Debug|Any CPU
		{F45E8EAB-BB56-4D74-80E2-43605949CCD4}.Release|Any CPU.ActiveCfg = Release|Any CPU
		{F45E8EAB-BB56-4D74-80E2-43605949CCD4}.Release|Any CPU.Build.0 = Release|Any CPU
	EndGlobalSection
	GlobalSection(SolutionProperties) = preSolution
		HideSolutionNode = FALSE
	EndGlobalSection
	GlobalSection(ExtensibilityGlobals) = postSolution
		SolutionGuid = {6D51008E-99E7-4184-A8D6-3AEC3EC911B9}
	EndGlobalSection
EndGlobal
